Microsoft Visual Studio Solution File, Format Version 12.00
# Visual Studio 15
VisualStudioVersion = 15.0.27130.2010
MinimumVisualStudioVersion = 10.0.40219.1
Project("{FAE04EC0-301F-11D3-BF4B-00C04F79EFBC}") = "DevOps.Code.Entities.AddEntityTypeRecord", "DevOps.Code.Entities.AddEntityTypeRecord\DevOps.Code.Entities.AddEntityTypeRecord.csproj", "{8A35F1A0-8A35-F1A0-8A35-F1A08A35F1A0}"
EndProject
Global
	GlobalSection(SolutionConfigurationPlatforms) = preSolution
		Debug|Any CPU = Debug|Any CPU
		Release|Any CPU = Release|Any CPU
	EndGlobalSection
	GlobalSection(ProjectConfigurationPlatforms) = postSolution
		{8A35F1A0-8A35-F1A0-8A35-F1A08A35F1A0}.Debug|Any CPU.ActiveCfg = Debug|Any CPU
		{8A35F1A0-8A35-F1A0-8A35-F1A08A35F1A0}.Debug|Any CPU.Build.0 = Debug|Any CPU
		{8A35F1A0-8A35-F1A0-8A35-F1A08A35F1A0}.Release|Any CPU.ActiveCfg = Release|Any CPU
		{8A35F1A0-8A35-F1A0-8A35-F1A08A35F1A0}.Release|Any CPU.Build.0 = Release|Any CPU
	EndGlobalSection
	GlobalSection(SolutionProperties) = preSolution
		HideSolutionNode = FALSE
	EndGlobalSection
	GlobalSection(ExtensibilityGlobals) = preSolution
		SolutionGuid = {366AF6F2-366A-F6F2-366A-F6F2366AF6F2}
	EndGlobalSection
EndGlobal

